
Microsoft Visual Studio Solution File, Format Version 12.00
# Visual Studio Version 17
VisualStudioVersion = 17.8.34408.163
MinimumVisualStudioVersion = 10.0.40219.1
Project("{FAE04EC0-301F-11D3-BF4B-00C04F79EFBC}") = "MarksUpdate", "MarksUpdate\MarksUpdate.csproj", "{B7DD772F-80E5-4D49-A3E5-60442E1B6924}"
EndProject
Global
	GlobalSection(SolutionConfigurationPlatforms) = preSolution
		Debug|Any CPU = Debug|Any CPU
		Release|Any CPU = Release|Any CPU
	EndGlobalSection
	GlobalSection(ProjectConfigurationPlatforms) = postSolution
		{B7DD772F-80E5-4D49-A3E5-60442E1B6924}.Debug|Any CPU.ActiveCfg = Debug|Any CPU
		{B7DD772F-80E5-4D49-A3E5-60442E1B6924}.Debug|Any CPU.Build.0 = Debug|Any CPU
		{B7DD772F-80E5-4D49-A3E5-60442E1B6924}.Release|Any CPU.ActiveCfg = Release|Any CPU
		{B7DD772F-80E5-4D49-A3E5-60442E1B6924}.Release|Any CPU.Build.0 = Release|Any CPU
	EndGlobalSection
	GlobalSection(SolutionProperties) = preSolution
		HideSolutionNode = FALSE
	EndGlobalSection
	GlobalSection(ExtensibilityGlobals) = postSolution
		SolutionGuid = {0AE751D9-9B9F-42F6-91DE-691CCE0D48A7}
	EndGlobalSection
EndGlobal
